
Microsoft Visual Studio Solution File, Format Version 12.00
# Visual Studio Version 17
VisualStudioVersion = 17.4.33213.308
MinimumVisualStudioVersion = 10.0.40219.1
Project("{FAE04EC0-301F-11D3-BF4B-00C04F79EFBC}") = "Mapharmacy", "Mapharmacy\Mapharmacy.csproj", "{AEFEDD5D-57A9-48CE-ADB1-C2DBBACED394}"
EndProject
Global
	GlobalSection(SolutionConfigurationPlatforms) = preSolution
		Debug|Any CPU = Debug|Any CPU
		Release|Any CPU = Release|Any CPU
	EndGlobalSection
	GlobalSection(ProjectConfigurationPlatforms) = postSolution
		{AEFEDD5D-57A9-48CE-ADB1-C2DBBACED394}.Debug|Any CPU.ActiveCfg = Debug|Any CPU
		{AEFEDD5D-57A9-48CE-ADB1-C2DBBACED394}.Debug|Any CPU.Build.0 = Debug|Any CPU
		{AEFEDD5D-57A9-48CE-ADB1-C2DBBACED394}.Release|Any CPU.ActiveCfg = Release|Any CPU
		{AEFEDD5D-57A9-48CE-ADB1-C2DBBACED394}.Release|Any CPU.Build.0 = Release|Any CPU
	EndGlobalSection
	GlobalSection(SolutionProperties) = preSolution
		HideSolutionNode = FALSE
	EndGlobalSection
	GlobalSection(ExtensibilityGlobals) = postSolution
		SolutionGuid = {7DB44FFC-CC45-4FAD-AC99-361B0EBEEDE9}
	EndGlobalSection
EndGlobal
